{
    "_meta": {
        "hash": {
            "sha256": "4ed9b260aaa1089a2ec3ca62597f56d16fbce251d605e4763d494d9059289ead"
        },
        "pipfile-spec": 6,
        "requires": {
            "python_full_version": "3.11.1",
            "python_version": "3.11"
        },
        "sources": [
            {
                "name": "pypi",
                "url": "https://pypi.org/simple",
                "verify_ssl": true
            }
        ]
    },
    "default": {
        "pymupdf": {
            "hashes": [
                "sha256:06860a8e60ba14f25aac5db90803d59b1a2fdac24c2b65dc6f9876ff36df586e",
                "sha256:069ba56c28cb9b603d016c63f23a21bf22a00c5b2a92286bf3dd6a2759e119d4",
                "sha256:0b08b6afbb656f0e4582a8ee44c2ce0ab6235bb81830ec92d79f6e4893db639c",
                "sha256:0c85efbc08c83c8d91ae1cc7bb7e06c7cd7e203e9d0ed806ff22db173999f30c",
                "sha256:18fbdcb35c144b26a3a507bfa73f98401a27819f29dca496eb470b9a1ec09fad",
                "sha256:19fe49966f3a072a258cdfbab3d8c5b11cb7c2fb7c8e6abf3398d9e55af6f1ca",
                "sha256:1fc4c8aee186326b3f138be8a4ac16a343e76c8ec45b5afab2d105a5e3b02d80",
                "sha256:2a870f02b2767e9371bbb3d0263c3994f59679a64b1b9dd1a6b0d9a15c963d68",
                "sha256:2bb5f9ce33054ebfbf63c41e68606d51e3ad5d85def0af5ebb6f0dd276e61037",
                "sha256:2fbb96336c5cc065f6e5359f034a689e4d64ca7697dc5965b03f105b2ecb7ba1",
                "sha256:36181c4cb27740791d611d0224dd18ac78e23a1f06aa2151394c5b9194b4f885",
                "sha256:7e5a1ed49df5eee7834fb37adb5c94354e98b23fa997e67034b157790a31bbfc",
                "sha256:909afad284c24f25a831b37e433e444dc4cb5b3e38b3f761b1e4acad5c65327d",
                "sha256:ac2f61632bcd4c9532a26b52684ca05a4c8b7b96d6be947134b3e01a420904fd",
                "sha256:b2b197bb0f00159f4584f51c7bf4d897aa5fb88de3c1f964347047a710c1f1be",
                "sha256:bf204723782ca481cd120e1ab124b0d59fd387103e15675ae462415bfa22b3a2",
                "sha256:c040c9ac98b7a1afc06fe55ffedbf6a305c24bf1c97597838f208c68035971f4",
                "sha256:c09cbc7924ddf99452bb0d70438d64753815d75526d6d94293249f1665691d84",
                "sha256:d85c360abd72c14e302a2cefd02ebd01568f5c669700c7fc1ed056e9cdf3c285",
                "sha256:dab0459791175dea813e6130e08b9026d3b9d66854f0dbb7ab51ab1619875d24",
                "sha256:dddd3fe6fa20b3e2642c10e66c97cfd3727010d3dafe653f16dce52396ef0208",
                "sha256:e334e7baea701d4029faa034520c722c9c55e8315b7ccf4d1b686eba8e293f32",
                "sha256:e5273ff0c3bf08428ef956c4a5e5e0b475667cc3e1cb7b41d9f5131636996e59",
                "sha256:eb29cbfd34d5ef99c657539c4f48953ea15f4b1e4e162b48efcffa5c4101ce1d",
                "sha256:f3ffa9a8c643da39aba80e787d2c1771d5be07b0e15bf193ddd1fda888bbca88",
                "sha256:f815741a435c62a0036bbcbf5fa6c533567bd69c5338d413714fc57b22db93e0",
                "sha256:f99e6c2109c38c17cd5f1b82c9d35f1e815a71a3464b765f41f3c8cf875dcf4c",
                "sha256:fa0334247549def667d9f5358e558ec93815c78cebdb927a81dda38d681bf550",
                "sha256:fdba6bf77d1d3cd57ea93181c494f4b138523000ff74b25c523be7dce0058ac9",
                "sha256:ff7d01cb563c3ca18880ba6a2661351f07b8a54f6599272be2e3568524e5e721"
            ],
            "index": "pypi",
            "version": "===1.21.1"
        }
    },
    "develop": {
        "coverage": {
            "hashes": [
                "sha256:04481245ef966fbd24ae9b9e537ce899ae584d521dfbe78f89cad003c38ca2ab",
                "sha256:0c45948f613d5d18c9ec5eaa203ce06a653334cf1bd47c783a12d0dd4fd9c851",
                "sha256:10188fe543560ec4874f974b5305cd1a8bdcfa885ee00ea3a03733464c4ca265",
                "sha256:218fe982371ac7387304153ecd51205f14e9d731b34fb0568181abaf7b443ba0",
                "sha256:29571503c37f2ef2138a306d23e7270687c0efb9cab4bd8038d609b5c2393a3a",
                "sha256:2a60d6513781e87047c3e630b33b4d1e89f39836dac6e069ffee28c4786715f5",
                "sha256:2bf1d5f2084c3932b56b962a683074a3692bce7cabd3aa023c987a2a8e7612f6",
                "sha256:3164d31078fa9efe406e198aecd2a02d32a62fecbdef74f76dad6a46c7e48311",
                "sha256:32df215215f3af2c1617a55dbdfb403b772d463d54d219985ac7cd3bf124cada",
                "sha256:33d1ae9d4079e05ac4cc1ef9e20c648f5afabf1a92adfaf2ccf509c50b85717f",
                "sha256:33ff26d0f6cc3ca8de13d14fde1ff8efe1456b53e3f0273e63cc8b3c84a063d8",
                "sha256:38da2db80cc505a611938d8624801158e409928b136c8916cd2e203970dde4dc",
                "sha256:3b155caf3760408d1cb903b21e6a97ad4e2bdad43cbc265e3ce0afb8e0057e73",
                "sha256:3b946bbcd5a8231383450b195cfb58cb01cbe7f8949f5758566b881df4b33baf",
                "sha256:3baf5f126f30781b5e93dbefcc8271cb2491647f8283f20ac54d12161dff080e",
                "sha256:4b14d5e09c656de5038a3f9bfe5228f53439282abcab87317c9f7f1acb280352",
                "sha256:51b236e764840a6df0661b67e50697aaa0e7d4124ca95e5058fa3d7cbc240b7c",
                "sha256:63ffd21aa133ff48c4dff7adcc46b7ec8b565491bfc371212122dd999812ea1c",
                "sha256:6a43c7823cd7427b4ed763aa7fb63901ca8288591323b58c9cd6ec31ad910f3c",
                "sha256:755e89e32376c850f826c425ece2c35a4fc266c081490eb0a841e7c1cb0d3bda",
                "sha256:7a726d742816cb3a8973c8c9a97539c734b3a309345236cd533c4883dda05b8d",
                "sha256:7c7c0d0827e853315c9bbd43c1162c006dd808dbbe297db7ae66cd17b07830f0",
                "sha256:7ed681b0f8e8bcbbffa58ba26fcf5dbc8f79e7997595bf071ed5430d8c08d6f3",
                "sha256:7ee5c9bb51695f80878faaa5598040dd6c9e172ddcf490382e8aedb8ec3fec8d",
                "sha256:8361be1c2c073919500b6601220a6f2f98ea0b6d2fec5014c1d9cfa23dd07038",
                "sha256:8ae125d1134bf236acba8b83e74c603d1b30e207266121e76484562bc816344c",
                "sha256:9817733f0d3ea91bea80de0f79ef971ae94f81ca52f9b66500c6a2fea8e4b4f8",
                "sha256:98b85dd86514d889a2e3dd22ab3c18c9d0019e696478391d86708b805f4ea0fa",
                "sha256:9ccb092c9ede70b2517a57382a601619d20981f56f440eae7e4d7eaafd1d1d09",
                "sha256:9d58885215094ab4a86a6aef044e42994a2bd76a446dc59b352622655ba6621b",
                "sha256:b643cb30821e7570c0aaf54feaf0bfb630b79059f85741843e9dc23f33aaca2c",
                "sha256:bc7c85a150501286f8b56bd8ed3aa4093f4b88fb68c0843d21ff9656f0009d6a",
                "sha256:beeb129cacea34490ffd4d6153af70509aa3cda20fdda2ea1a2be870dfec8d52",
                "sha256:c31b75ae466c053a98bf26843563b3b3517b8f37da4d47b1c582fdc703112bc3",
                "sha256:c4e4881fa9e9667afcc742f0c244d9364d197490fbc91d12ac3b5de0bf2df146",
                "sha256:c5b15ed7644ae4bee0ecf74fee95808dcc34ba6ace87e8dfbf5cb0dc20eab45a",
                "sha256:d12d076582507ea460ea2a89a8c85cb558f83406c8a41dd641d7be9a32e1274f",
                "sha256:d248cd4a92065a4d4543b8331660121b31c4148dd00a691bfb7a5cdc7483cfa4",
                "sha256:d47dd659a4ee952e90dc56c97d78132573dc5c7b09d61b416a9deef4ebe01a0c",
                "sha256:d4a5a5879a939cb84959d86869132b00176197ca561c664fc21478c1eee60d75",
                "sha256:da9b41d4539eefd408c46725fb76ecba3a50a3367cafb7dea5f250d0653c1040",
                "sha256:db61a79c07331e88b9a9974815c075fbd812bc9dbc4dc44b366b5368a2936063",
                "sha256:ddb726cb861c3117a553f940372a495fe1078249ff5f8a5478c0576c7be12050",
                "sha256:ded59300d6330be27bc6cf0b74b89ada58069ced87c48eaf9344e5e84b0072f7",
                "sha256:e2617759031dae1bf183c16cef8fcfb3de7617f394c813fa5e8e46e9b82d4222",
                "sha256:e5cdbb5cafcedea04924568d990e20ce7f1945a1dd54b560f879ee2d57226912",
                "sha256:ec8e767f13be637d056f7e07e61d089e555f719b387a7070154ad80a0ff31801",
                "sha256:ef382417db92ba23dfb5864a3fc9be27ea4894e86620d342a116b243ade5d35d",
                "sha256:f2cba5c6db29ce991029b5e4ac51eb36774458f0a3b8d3137241b32d1bb91f06",
                "sha256:f5b4198d85a3755d27e64c52f8c95d6333119e49fd001ae5798dac872c95e0f8",
                "sha256:ffeeb38ee4a80a30a6877c5c4c359e5498eec095878f1581453202bfacc8fbc2"
            ],
            "index": "pypi",
            "version": "===7.1.0"
        }
    }
}
