version = 1
revision = 3
requires-python = "==3.11.*"

[[package]]
name = "coverage"
version = "7.10.6"
source = { registry = "https://pypi.org/simple" }
sdist = { url = "https://files.pythonhosted.org/packages/14/70/025b179c993f019105b79575ac6edb5e084fb0f0e63f15cdebef4e454fb5/coverage-7.10.6.tar.gz", hash = "sha256:f644a3ae5933a552a29dbb9aa2f90c677a875f80ebea028e5a52a4f429044b90", size = 823736, upload-time = "2025-08-29T15:35:16.668Z" }
wheels = [
    { url = "https://files.pythonhosted.org/packages/d4/16/2bea27e212c4980753d6d563a0803c150edeaaddb0771a50d2afc410a261/coverage-7.10.6-cp311-cp311-macosx_10_9_x86_64.whl", hash = "sha256:c706db3cabb7ceef779de68270150665e710b46d56372455cd741184f3868d8f", size = 217129, upload-time = "2025-08-29T15:33:13.575Z" },
    { url = "https://files.pythonhosted.org/packages/2a/51/e7159e068831ab37e31aac0969d47b8c5ee25b7d307b51e310ec34869315/coverage-7.10.6-cp311-cp311-macosx_11_0_arm64.whl", hash = "sha256:8e0c38dc289e0508ef68ec95834cb5d2e96fdbe792eaccaa1bccac3966bbadcc", size = 217532, upload-time = "2025-08-29T15:33:14.872Z" },
    { url = "https://files.pythonhosted.org/packages/e7/c0/246ccbea53d6099325d25cd208df94ea435cd55f0db38099dd721efc7a1f/coverage-7.10.6-cp311-cp311-manylinux1_i686.manylinux_2_28_i686.manylinux_2_5_i686.whl", hash = "sha256:752a3005a1ded28f2f3a6e8787e24f28d6abe176ca64677bcd8d53d6fe2ec08a", size = 247931, upload-time = "2025-08-29T15:33:16.142Z" },
    { url = "https://files.pythonhosted.org/packages/7d/fb/7435ef8ab9b2594a6e3f58505cc30e98ae8b33265d844007737946c59389/coverage-7.10.6-cp311-cp311-manylinux1_x86_64.manylinux_2_28_x86_64.manylinux_2_5_x86_64.whl", hash = "sha256:689920ecfd60f992cafca4f5477d55720466ad2c7fa29bb56ac8d44a1ac2b47a", size = 249864, upload-time = "2025-08-29T15:33:17.434Z" },
    { url = "https://files.pythonhosted.org/packages/51/f8/d9d64e8da7bcddb094d511154824038833c81e3a039020a9d6539bf303e9/coverage-7.10.6-cp311-cp311-manylinux2014_aarch64.manylinux_2_17_aarch64.manylinux_2_28_aarch64.whl", hash = "sha256:ec98435796d2624d6905820a42f82149ee9fc4f2d45c2c5bc5a44481cc50db62", size = 251969, upload-time = "2025-08-29T15:33:18.822Z" },
    { url = "https://files.pythonhosted.org/packages/43/28/c43ba0ef19f446d6463c751315140d8f2a521e04c3e79e5c5fe211bfa430/coverage-7.10.6-cp311-cp311-musllinux_1_2_aarch64.whl", hash = "sha256:b37201ce4a458c7a758ecc4efa92fa8ed783c66e0fa3c42ae19fc454a0792153", size = 249659, upload-time = "2025-08-29T15:33:20.407Z" },
    { url = "https://files.pythonhosted.org/packages/79/3e/53635bd0b72beaacf265784508a0b386defc9ab7fad99ff95f79ce9db555/coverage-7.10.6-cp311-cp311-musllinux_1_2_i686.whl", hash = "sha256:2904271c80898663c810a6b067920a61dd8d38341244a3605bd31ab55250dad5", size = 247714, upload-time = "2025-08-29T15:33:21.751Z" },
    { url = "https://files.pythonhosted.org/packages/4c/55/0964aa87126624e8c159e32b0bc4e84edef78c89a1a4b924d28dd8265625/coverage-7.10.6-cp311-cp311-musllinux_1_2_x86_64.whl", hash = "sha256:5aea98383463d6e1fa4e95416d8de66f2d0cb588774ee20ae1b28df826bcb619", size = 248351, upload-time = "2025-08-29T15:33:23.105Z" },
    { url = "https://files.pythonhosted.org/packages/eb/ab/6cfa9dc518c6c8e14a691c54e53a9433ba67336c760607e299bfcf520cb1/coverage-7.10.6-cp311-cp311-win32.whl", hash = "sha256:e3fb1fa01d3598002777dd259c0c2e6d9d5e10e7222976fc8e03992f972a2cba", size = 219562, upload-time = "2025-08-29T15:33:24.717Z" },
    { url = "https://files.pythonhosted.org/packages/5b/18/99b25346690cbc55922e7cfef06d755d4abee803ef335baff0014268eff4/coverage-7.10.6-cp311-cp311-win_amd64.whl", hash = "sha256:f35ed9d945bece26553d5b4c8630453169672bea0050a564456eb88bdffd927e", size = 220453, upload-time = "2025-08-29T15:33:26.482Z" },
    { url = "https://files.pythonhosted.org/packages/d8/ed/81d86648a07ccb124a5cf1f1a7788712b8d7216b593562683cd5c9b0d2c1/coverage-7.10.6-cp311-cp311-win_arm64.whl", hash = "sha256:99e1a305c7765631d74b98bf7dbf54eeea931f975e80f115437d23848ee8c27c", size = 219127, upload-time = "2025-08-29T15:33:27.777Z" },
    { url = "https://files.pythonhosted.org/packages/44/0c/50db5379b615854b5cf89146f8f5bd1d5a9693d7f3a987e269693521c404/coverage-7.10.6-py3-none-any.whl", hash = "sha256:92c4ecf6bf11b2e85fd4d8204814dc26e6a19f0c9d938c207c5cb0eadfcabbe3", size = 208986, upload-time = "2025-08-29T15:35:14.506Z" },
]

[[package]]
name = "mlopspython-extraction"
version = "0.0.0"
source = { editable = "." }
dependencies = [
    { name = "pymupdf" },
]

[package.dev-dependencies]
dev = [
    { name = "coverage" },
]

[package.metadata]
requires-dist = [{ name = "pymupdf", specifier = "==1.25.4" }]

[package.metadata.requires-dev]
dev = [{ name = "coverage", specifier = ">=7.3.1,<8" }]

[[package]]
name = "pymupdf"
version = "1.25.4"
source = { registry = "https://pypi.org/simple" }
sdist = { url = "https://files.pythonhosted.org/packages/25/56/d7de0325125621a3d095eb43ce35f2e036cd4c0489ff5e8cae816f1cd8b9/pymupdf-1.25.4.tar.gz", hash = "sha256:5f189466b68901055a9ddc77dc1c91cba081a60964f0caa6ff5b9b87001a0194", size = 69792548, upload-time = "2025-03-14T19:02:54.493Z" }
wheels = [
    { url = "https://files.pythonhosted.org/packages/59/fa/cd82d78401bed6452ea07e2a3ffd6c30eddb635b888ea5f2f699c2968e80/pymupdf-1.25.4-cp39-abi3-macosx_10_9_x86_64.whl", hash = "sha256:b39ab5fc0cc793f2a93908cb4dc13182e61e9ace3476850ebf0e505f65355475", size = 19364290, upload-time = "2025-03-14T18:58:36.472Z" },
    { url = "https://files.pythonhosted.org/packages/ae/76/0757056bdcf273de4934681b84acde6e0b61a46b1755038e8d786ac6b368/pymupdf-1.25.4-cp39-abi3-macosx_11_0_arm64.whl", hash = "sha256:72ac2a460e15a4b75fb22d0bdeb9eb9b3bd6ab44d5288e56f85ff9e4241d0830", size = 18604391, upload-time = "2025-03-14T18:58:07.943Z" },
    { url = "https://files.pythonhosted.org/packages/41/2f/7ca622fff06e879fd4adcde8b1bdbe9989ff2f36fc0607481581f4a3caa1/pymupdf-1.25.4-cp39-abi3-manylinux2014_aarch64.manylinux_2_17_aarch64.whl", hash = "sha256:bd16e264438b01bf6f6b8722deb49df20c0a9a7be2b4a8e29dcb7b5183d8b42a", size = 19464372, upload-time = "2025-03-15T09:55:45.018Z" },
    { url = "https://files.pythonhosted.org/packages/36/ae/9b3651d457698ff5e19c5a663c51703cc990892b35cf4a779c36a1a1bf64/pymupdf-1.25.4-cp39-abi3-manylinux2014_x86_64.manylinux_2_17_x86_64.whl", hash = "sha256:72817aa5f5023632346eee4aad0c32018d7879cf9a72e1820054dc9d8c48150f", size = 20027724, upload-time = "2025-03-14T18:59:40.798Z" },
    { url = "https://files.pythonhosted.org/packages/09/f8/3ba60c9cbb01c9aacc2e1c35fc7640456306da99cdea913954f33a0c9c74/pymupdf-1.25.4-cp39-abi3-musllinux_1_2_x86_64.whl", hash = "sha256:a8c23242d209512437187dc728001fc7c65c2dd9d37b50071f34c5cd745194a3", size = 21292722, upload-time = "2025-03-14T18:57:35.534Z" },
    { url = "https://files.pythonhosted.org/packages/0e/0a/3eb1fab9e788790be32d8ca43235f59652d44252168bfba457c5496948fe/pymupdf-1.25.4-cp39-abi3-win32.whl", hash = "sha256:d90e6087f9b153999fa9f2c4709488fb0355de0302ec502a76c4fc0c0a0c535e", size = 15110936, upload-time = "2025-03-14T19:00:10.053Z" },
    { url = "https://files.pythonhosted.org/packages/c3/9f/2872a29766dfe65fb97268233503cc9f7ba6e776eedbdb88ed47216aef84/pymupdf-1.25.4-cp39-abi3-win_amd64.whl", hash = "sha256:af8fa1f7920b3b27343b2511cb9fc44baf2bad8b948db0b0f9d5b2fa589cb305", size = 16579269, upload-time = "2025-03-14T18:58:56.725Z" },
]
