# This file is automatically @generated by Poetry 1.6.1 and should not be changed by hand.

[[package]]
name = "coverage"
version = "7.3.1"
description = "Code coverage measurement for Python"
optional = false
python-versions = ">=3.8"
files = [
    {file = "coverage-7.3.1-cp310-cp310-macosx_10_9_x86_64.whl", hash = "sha256:cd0f7429ecfd1ff597389907045ff209c8fdb5b013d38cfa7c60728cb484b6e3"},
    {file = "coverage-7.3.1-cp310-cp310-macosx_11_0_arm64.whl", hash = "sha256:966f10df9b2b2115da87f50f6a248e313c72a668248be1b9060ce935c871f276"},
    {file = "coverage-7.3.1-cp310-cp310-manylinux_2_17_aarch64.manylinux2014_aarch64.whl", hash = "sha256:0575c37e207bb9b98b6cf72fdaaa18ac909fb3d153083400c2d48e2e6d28bd8e"},
    {file = "coverage-7.3.1-cp310-cp310-manylinux_2_5_i686.manylinux1_i686.manylinux_2_17_i686.manylinux2014_i686.whl", hash = "sha256:245c5a99254e83875c7fed8b8b2536f040997a9b76ac4c1da5bff398c06e860f"},
    {file = "coverage-7.3.1-cp310-cp310-manylinux_2_5_x86_64.manylinux1_x86_64.manylinux_2_17_x86_64.manylinux2014_x86_64.whl", hash = "sha256:4c96dd7798d83b960afc6c1feb9e5af537fc4908852ef025600374ff1a017392"},
    {file = "coverage-7.3.1-cp310-cp310-musllinux_1_1_aarch64.whl", hash = "sha256:de30c1aa80f30af0f6b2058a91505ea6e36d6535d437520067f525f7df123887"},
    {file = "coverage-7.3.1-cp310-cp310-musllinux_1_1_i686.whl", hash = "sha256:50dd1e2dd13dbbd856ffef69196781edff26c800a74f070d3b3e3389cab2600d"},
    {file = "coverage-7.3.1-cp310-cp310-musllinux_1_1_x86_64.whl", hash = "sha256:b9c0c19f70d30219113b18fe07e372b244fb2a773d4afde29d5a2f7930765136"},
    {file = "coverage-7.3.1-cp310-cp310-win32.whl", hash = "sha256:770f143980cc16eb601ccfd571846e89a5fe4c03b4193f2e485268f224ab602f"},
    {file = "coverage-7.3.1-cp310-cp310-win_amd64.whl", hash = "sha256:cdd088c00c39a27cfa5329349cc763a48761fdc785879220d54eb785c8a38520"},
    {file = "coverage-7.3.1-cp311-cp311-macosx_10_9_x86_64.whl", hash = "sha256:74bb470399dc1989b535cb41f5ca7ab2af561e40def22d7e188e0a445e7639e3"},
    {file = "coverage-7.3.1-cp311-cp311-macosx_11_0_arm64.whl", hash = "sha256:025ded371f1ca280c035d91b43252adbb04d2aea4c7105252d3cbc227f03b375"},
    {file = "coverage-7.3.1-cp311-cp311-manylinux_2_17_aarch64.manylinux2014_aarch64.whl", hash = "sha256:a6191b3a6ad3e09b6cfd75b45c6aeeffe7e3b0ad46b268345d159b8df8d835f9"},
    {file = "coverage-7.3.1-cp311-cp311-manylinux_2_5_i686.manylinux1_i686.manylinux_2_17_i686.manylinux2014_i686.whl", hash = "sha256:7eb0b188f30e41ddd659a529e385470aa6782f3b412f860ce22b2491c89b8593"},
    {file = "coverage-7.3.1-cp311-cp311-manylinux_2_5_x86_64.manylinux1_x86_64.manylinux_2_17_x86_64.manylinux2014_x86_64.whl", hash = "sha256:75c8f0df9dfd8ff745bccff75867d63ef336e57cc22b2908ee725cc552689ec8"},
    {file = "coverage-7.3.1-cp311-cp311-musllinux_1_1_aarch64.whl", hash = "sha256:7eb3cd48d54b9bd0e73026dedce44773214064be93611deab0b6a43158c3d5a0"},
    {file = "coverage-7.3.1-cp311-cp311-musllinux_1_1_i686.whl", hash = "sha256:ac3c5b7e75acac31e490b7851595212ed951889918d398b7afa12736c85e13ce"},
    {file = "coverage-7.3.1-cp311-cp311-musllinux_1_1_x86_64.whl", hash = "sha256:5b4ee7080878077af0afa7238df1b967f00dc10763f6e1b66f5cced4abebb0a3"},
    {file = "coverage-7.3.1-cp311-cp311-win32.whl", hash = "sha256:229c0dd2ccf956bf5aeede7e3131ca48b65beacde2029f0361b54bf93d36f45a"},
    {file = "coverage-7.3.1-cp311-cp311-win_amd64.whl", hash = "sha256:c6f55d38818ca9596dc9019eae19a47410d5322408140d9a0076001a3dcb938c"},
    {file = "coverage-7.3.1-cp312-cp312-macosx_10_9_x86_64.whl", hash = "sha256:5289490dd1c3bb86de4730a92261ae66ea8d44b79ed3cc26464f4c2cde581fbc"},
    {file = "coverage-7.3.1-cp312-cp312-macosx_11_0_arm64.whl", hash = "sha256:ca833941ec701fda15414be400c3259479bfde7ae6d806b69e63b3dc423b1832"},
    {file = "coverage-7.3.1-cp312-cp312-manylinux_2_17_aarch64.manylinux2014_aarch64.whl", hash = "sha256:cd694e19c031733e446c8024dedd12a00cda87e1c10bd7b8539a87963685e969"},
    {file = "coverage-7.3.1-cp312-cp312-manylinux_2_5_i686.manylinux1_i686.manylinux_2_17_i686.manylinux2014_i686.whl", hash = "sha256:aab8e9464c00da5cb9c536150b7fbcd8850d376d1151741dd0d16dfe1ba4fd26"},
    {file = "coverage-7.3.1-cp312-cp312-manylinux_2_5_x86_64.manylinux1_x86_64.manylinux_2_17_x86_64.manylinux2014_x86_64.whl", hash = "sha256:87d38444efffd5b056fcc026c1e8d862191881143c3aa80bb11fcf9dca9ae204"},
    {file = "coverage-7.3.1-cp312-cp312-musllinux_1_1_aarch64.whl", hash = "sha256:8a07b692129b8a14ad7a37941a3029c291254feb7a4237f245cfae2de78de037"},
    {file = "coverage-7.3.1-cp312-cp312-musllinux_1_1_i686.whl", hash = "sha256:2829c65c8faaf55b868ed7af3c7477b76b1c6ebeee99a28f59a2cb5907a45760"},
    {file = "coverage-7.3.1-cp312-cp312-musllinux_1_1_x86_64.whl", hash = "sha256:1f111a7d85658ea52ffad7084088277135ec5f368457275fc57f11cebb15607f"},
    {file = "coverage-7.3.1-cp312-cp312-win32.whl", hash = "sha256:c397c70cd20f6df7d2a52283857af622d5f23300c4ca8e5bd8c7a543825baa5a"},
    {file = "coverage-7.3.1-cp312-cp312-win_amd64.whl", hash = "sha256:5ae4c6da8b3d123500f9525b50bf0168023313963e0e2e814badf9000dd6ef92"},
    {file = "coverage-7.3.1-cp38-cp38-macosx_10_9_x86_64.whl", hash = "sha256:ca70466ca3a17460e8fc9cea7123c8cbef5ada4be3140a1ef8f7b63f2f37108f"},
    {file = "coverage-7.3.1-cp38-cp38-macosx_11_0_arm64.whl", hash = "sha256:f2781fd3cabc28278dc982a352f50c81c09a1a500cc2086dc4249853ea96b981"},
    {file = "coverage-7.3.1-cp38-cp38-manylinux_2_17_aarch64.manylinux2014_aarch64.whl", hash = "sha256:6407424621f40205bbe6325686417e5e552f6b2dba3535dd1f90afc88a61d465"},
    {file = "coverage-7.3.1-cp38-cp38-manylinux_2_5_i686.manylinux1_i686.manylinux_2_17_i686.manylinux2014_i686.whl", hash = "sha256:04312b036580ec505f2b77cbbdfb15137d5efdfade09156961f5277149f5e344"},
    {file = "coverage-7.3.1-cp38-cp38-manylinux_2_5_x86_64.manylinux1_x86_64.manylinux_2_17_x86_64.manylinux2014_x86_64.whl", hash = "sha256:ac9ad38204887349853d7c313f53a7b1c210ce138c73859e925bc4e5d8fc18e7"},
    {file = "coverage-7.3.1-cp38-cp38-musllinux_1_1_aarch64.whl", hash = "sha256:53669b79f3d599da95a0afbef039ac0fadbb236532feb042c534fbb81b1a4e40"},
    {file = "coverage-7.3.1-cp38-cp38-musllinux_1_1_i686.whl", hash = "sha256:614f1f98b84eb256e4f35e726bfe5ca82349f8dfa576faabf8a49ca09e630086"},
    {file = "coverage-7.3.1-cp38-cp38-musllinux_1_1_x86_64.whl", hash = "sha256:f1a317fdf5c122ad642db8a97964733ab7c3cf6009e1a8ae8821089993f175ff"},
    {file = "coverage-7.3.1-cp38-cp38-win32.whl", hash = "sha256:defbbb51121189722420a208957e26e49809feafca6afeef325df66c39c4fdb3"},
    {file = "coverage-7.3.1-cp38-cp38-win_amd64.whl", hash = "sha256:f4f456590eefb6e1b3c9ea6328c1e9fa0f1006e7481179d749b3376fc793478e"},
    {file = "coverage-7.3.1-cp39-cp39-macosx_10_9_x86_64.whl", hash = "sha256:f12d8b11a54f32688b165fd1a788c408f927b0960984b899be7e4c190ae758f1"},
    {file = "coverage-7.3.1-cp39-cp39-macosx_11_0_arm64.whl", hash = "sha256:f09195dda68d94a53123883de75bb97b0e35f5f6f9f3aa5bf6e496da718f0cb6"},
    {file = "coverage-7.3.1-cp39-cp39-manylinux_2_17_aarch64.manylinux2014_aarch64.whl", hash = "sha256:c6601a60318f9c3945be6ea0f2a80571f4299b6801716f8a6e4846892737ebe4"},
    {file = "coverage-7.3.1-cp39-cp39-manylinux_2_5_i686.manylinux1_i686.manylinux_2_17_i686.manylinux2014_i686.whl", hash = "sha256:07d156269718670d00a3b06db2288b48527fc5f36859425ff7cec07c6b367745"},
    {file = "coverage-7.3.1-cp39-cp39-manylinux_2_5_x86_64.manylinux1_x86_64.manylinux_2_17_x86_64.manylinux2014_x86_64.whl", hash = "sha256:636a8ac0b044cfeccae76a36f3b18264edcc810a76a49884b96dd744613ec0b7"},
    {file = "coverage-7.3.1-cp39-cp39-musllinux_1_1_aarch64.whl", hash = "sha256:5d991e13ad2ed3aced177f524e4d670f304c8233edad3210e02c465351f785a0"},
    {file = "coverage-7.3.1-cp39-cp39-musllinux_1_1_i686.whl", hash = "sha256:586649ada7cf139445da386ab6f8ef00e6172f11a939fc3b2b7e7c9082052fa0"},
    {file = "coverage-7.3.1-cp39-cp39-musllinux_1_1_x86_64.whl", hash = "sha256:4aba512a15a3e1e4fdbfed2f5392ec221434a614cc68100ca99dcad7af29f3f8"},
    {file = "coverage-7.3.1-cp39-cp39-win32.whl", hash = "sha256:6bc6f3f4692d806831c136c5acad5ccedd0262aa44c087c46b7101c77e139140"},
    {file = "coverage-7.3.1-cp39-cp39-win_amd64.whl", hash = "sha256:553d7094cb27db58ea91332e8b5681bac107e7242c23f7629ab1316ee73c4981"},
    {file = "coverage-7.3.1-pp38.pp39.pp310-none-any.whl", hash = "sha256:220eb51f5fb38dfdb7e5d54284ca4d0cd70ddac047d750111a68ab1798945194"},
    {file = "coverage-7.3.1.tar.gz", hash = "sha256:6cb7fe1581deb67b782c153136541e20901aa312ceedaf1467dcb35255787952"},
]

[package.extras]
toml = ["tomli"]

[[package]]
name = "pymupdf"
version = "1.23.4"
description = "A high performance Python library for data extraction, analysis, conversion & manipulation of PDF (and other) documents."
optional = false
python-versions = ">=3.8"
files = [
    {file = "PyMuPDF-1.23.4-cp310-none-macosx_10_9_x86_64.whl", hash = "sha256:d9024fb05dbb565fd4d3a7824a08a58f0363306d855ab9c63883343141757af4"},
    {file = "PyMuPDF-1.23.4-cp310-none-macosx_11_0_arm64.whl", hash = "sha256:b4c7ecce30327603657ed1cbf08ce8cee75661679a626680d53299af42adc21a"},
    {file = "PyMuPDF-1.23.4-cp310-none-manylinux2014_aarch64.whl", hash = "sha256:8cf61710d4bfd625bac3091341daa42ef0175d7ae9580d692b164b5b35d6213f"},
    {file = "PyMuPDF-1.23.4-cp310-none-manylinux2014_x86_64.whl", hash = "sha256:6e05947e9dd080c0ba66500461f9cdd052d3235893a33221626491bd13a1c3fa"},
    {file = "PyMuPDF-1.23.4-cp310-none-win32.whl", hash = "sha256:2f29f000fc29126e90be9c3192fe7ba9b23867fdda3d6133aa0c38851a96cfbd"},
    {file = "PyMuPDF-1.23.4-cp310-none-win_amd64.whl", hash = "sha256:1aebdf3e584b33db06f0d0803d2bb17102784f054f17d06ef510960f28798708"},
    {file = "PyMuPDF-1.23.4-cp311-none-macosx_10_9_x86_64.whl", hash = "sha256:41f82394b5d44d12271b431968841d1e262e10d85ed580ee12cdb2c7b3d31a0b"},
    {file = "PyMuPDF-1.23.4-cp311-none-macosx_11_0_arm64.whl", hash = "sha256:8ddd889d2cbc0fa48eca888b7abf3849ad9e3b695ff41176e612c5eecbd6e2d3"},
    {file = "PyMuPDF-1.23.4-cp311-none-manylinux2014_aarch64.whl", hash = "sha256:4fd1aa96570f97b38d946632187344d2b9912bb8aa725797feb059c604045d48"},
    {file = "PyMuPDF-1.23.4-cp311-none-manylinux2014_x86_64.whl", hash = "sha256:94d6d0c20149fe8d03beb1566689dd2923966cf4a80afb26dba2c1d862fb40c7"},
    {file = "PyMuPDF-1.23.4-cp311-none-win32.whl", hash = "sha256:f078715f50cc36f6ff787eb1d9bb243f903298ca1098a42107f36948d7039f22"},
    {file = "PyMuPDF-1.23.4-cp311-none-win_amd64.whl", hash = "sha256:c51b92da8eeb62bbd4e3087bd2116cb330f4e1b001b61c0796310420a025dbf4"},
    {file = "PyMuPDF-1.23.4-cp38-none-macosx_10_9_x86_64.whl", hash = "sha256:817edc2c98040b9bce79b91c0fe8a8b1c9ba9ca3d504426d49cfebccd40c7b64"},
    {file = "PyMuPDF-1.23.4-cp38-none-macosx_11_0_arm64.whl", hash = "sha256:3baf895b414220ebf302bbb3d8d08671bcb5e1173a026109f91e6801809134ed"},
    {file = "PyMuPDF-1.23.4-cp38-none-manylinux2014_aarch64.whl", hash = "sha256:31941d7b6beb13fce2ca33763985303da25fbb29d202a89def555572f917789c"},
    {file = "PyMuPDF-1.23.4-cp38-none-manylinux2014_x86_64.whl", hash = "sha256:b4c9e7036564c2881ca07be3b7001f2c0910dde1e46e9fae58f9be7bc3cc04c2"},
    {file = "PyMuPDF-1.23.4-cp38-none-win32.whl", hash = "sha256:d77144b6434559929094f94de4174a12a2a0b540d88565dfaa18ea36f457bcca"},
    {file = "PyMuPDF-1.23.4-cp38-none-win_amd64.whl", hash = "sha256:cb5c43c06546e686fb5ce6438b5f8902ddae8861579dec2dd5ac92b91782cf89"},
    {file = "PyMuPDF-1.23.4-cp39-none-macosx_10_9_x86_64.whl", hash = "sha256:756bba7224d12f754afa9375577e61a9eae0213e16d8b98f0bbab43c3db92b71"},
    {file = "PyMuPDF-1.23.4-cp39-none-macosx_11_0_arm64.whl", hash = "sha256:ca35f3b163c3f92a6c22b45ec31b3b850c32b3b76f31452e05781398c94e5ad5"},
    {file = "PyMuPDF-1.23.4-cp39-none-manylinux2014_aarch64.whl", hash = "sha256:02c38374a2361699318b71e4677d21425a601036c2130305cc140c02bc2b7e22"},
    {file = "PyMuPDF-1.23.4-cp39-none-manylinux2014_x86_64.whl", hash = "sha256:a100f55d8c3278f844db56c9a6cf4e5cc340d88bdba7d02b597a6e6552974388"},
    {file = "PyMuPDF-1.23.4-cp39-none-win32.whl", hash = "sha256:a42d51f8e8e160293b70c99874901f7b50df0f181b59f9c19abd18f008467088"},
    {file = "PyMuPDF-1.23.4-cp39-none-win_amd64.whl", hash = "sha256:1d4031e0fffa1a55d42451ae3e0a3bbe0535acffd5caa0d636ca5f77e21149aa"},
    {file = "PyMuPDF-1.23.4.tar.gz", hash = "sha256:27576c523348df023ce703113dd5cf3b8515edc123a1b170acb32cf53fb984a3"},
]

[package.dependencies]
PyMuPDFb = "1.23.3"

[[package]]
name = "pymupdfb"
version = "1.23.3"
description = "MuPDF shared libraries for PyMuPDF."
optional = false
python-versions = ">=3.8"
files = [
    {file = "PyMuPDFb-1.23.3-py3-none-macosx_10_9_x86_64.whl", hash = "sha256:5b05c643210eae8050d552188efab2cd68595ad75b5879a550e11af88e8bff05"},
    {file = "PyMuPDFb-1.23.3-py3-none-macosx_11_0_arm64.whl", hash = "sha256:2a2b81ac348ec123bfd72336a590399f8b0035a3052c1cf5cc2401ca7a4905e9"},
    {file = "PyMuPDFb-1.23.3-py3-none-manylinux2014_aarch64.manylinux_2_17_aarch64.whl", hash = "sha256:924f3f2229d232c965705d120b3ff38bbc37459af9d0e798b582950f875bee92"},
    {file = "PyMuPDFb-1.23.3-py3-none-manylinux2014_x86_64.manylinux_2_17_x86_64.whl", hash = "sha256:6c287b9ce5ed397043c6e13df19640c94a348e9edc8012d9a7b001c69ba30ca9"},
    {file = "PyMuPDFb-1.23.3-py3-none-win32.whl", hash = "sha256:8703e3a8efebd83814e124d0fc3a082de2d2def329b63fca1065001e6a2deb49"},
    {file = "PyMuPDFb-1.23.3-py3-none-win_amd64.whl", hash = "sha256:89d88069cb8deb100ddcf56e1feefc7cff93ff791260325ed84551f96d3abd9f"},
]

[metadata]
lock-version = "2.0"
python-versions = "~3.10"
content-hash = "d175e75b7be91613395aea40a2302e3b217da18aa45fd69bc4667bb9eb8af9c5"
