# This file is automatically @generated by Poetry 1.6.1 and should not be changed by hand.

[[package]]
name = "pymupdf"
version = "1.23.3"
description = "A high performance Python library for data extraction, analysis, conversion & manipulation of PDF (and other) documents."
optional = false
python-versions = ">=3.8"
files = [
    {file = "PyMuPDF-1.23.3-cp310-none-macosx_10_9_x86_64.whl", hash = "sha256:52699939b7482c8c566a181e2a980a6801c91959ee96dae5663070fd2b960c6b"},
    {file = "PyMuPDF-1.23.3-cp310-none-macosx_11_0_arm64.whl", hash = "sha256:95408d57ed77f3c396880a3fc0feae068c4bf577e7e2c761d24a345138062f8d"},
    {file = "PyMuPDF-1.23.3-cp310-none-manylinux2014_aarch64.whl", hash = "sha256:5eefd674e338ddd82cd9179ad7d4c2160796efd6c0d4cd1098b5314ff78688d7"},
    {file = "PyMuPDF-1.23.3-cp310-none-manylinux2014_x86_64.whl", hash = "sha256:c7696034f5f5472d1e6d3f3556858cf85e095b66c158a80b527facfa83542aee"},
    {file = "PyMuPDF-1.23.3-cp310-none-win32.whl", hash = "sha256:f3c6d427381f4ef76bec4e862c8969845e90bc842b3c534800be9cb6fe6b0e3b"},
    {file = "PyMuPDF-1.23.3-cp310-none-win_amd64.whl", hash = "sha256:0fd19017d4c7791146e38621d878393136e25a2a4fadd0372a98ab2a9aabc0c5"},
    {file = "PyMuPDF-1.23.3-cp311-none-macosx_10_9_x86_64.whl", hash = "sha256:0e88408dea51492431b111a721d88a4f4c2176786734b16374d77a421f410139"},
    {file = "PyMuPDF-1.23.3-cp311-none-macosx_11_0_arm64.whl", hash = "sha256:c4dbf5e851373f4633b57187b0ae3dcde0efad6ef5969c4de14bb9a52a796261"},
    {file = "PyMuPDF-1.23.3-cp311-none-manylinux2014_aarch64.whl", hash = "sha256:7218c1099205edb3357cb5713661d11d7c04aaa910645da64e17c2d050d61352"},
    {file = "PyMuPDF-1.23.3-cp311-none-manylinux2014_x86_64.whl", hash = "sha256:0304d5def03d2bedf951179624ea636470b5ee0a706ea37636f7a3b2b08561a5"},
    {file = "PyMuPDF-1.23.3-cp311-none-win32.whl", hash = "sha256:35fe66d80cdc948ed55ac70c94b2e7f740fc08309c4ce125228ce0042a2fbba8"},
    {file = "PyMuPDF-1.23.3-cp311-none-win_amd64.whl", hash = "sha256:e643e4f30d1a5e358a8f65eab66dd0ea33f8170d61eb7549f0d227086c82d315"},
    {file = "PyMuPDF-1.23.3-cp38-none-macosx_10_9_x86_64.whl", hash = "sha256:95065c21c39dc93c4e224a2ac3c903bf31d635cdb569338d79e9befbac9755eb"},
    {file = "PyMuPDF-1.23.3-cp38-none-macosx_11_0_arm64.whl", hash = "sha256:0c06610d78a86fcbfbcea77320c54f561ac4d568666d621afcf1109e8cfc829b"},
    {file = "PyMuPDF-1.23.3-cp38-none-manylinux2014_aarch64.whl", hash = "sha256:6e4ef7e65b3fb7f9248f1f2dc530f10d0e00a8080dd5da52808e6638a9868a10"},
    {file = "PyMuPDF-1.23.3-cp38-none-manylinux2014_x86_64.whl", hash = "sha256:d51b848d45e09e7fedfdeb0880a2a14872e25dd4e0932b9abf6a36a69bf01f6a"},
    {file = "PyMuPDF-1.23.3-cp38-none-win32.whl", hash = "sha256:42b879913a07fb251251af20e46747abc3d5d0276a48d2c28e128f5f88ef3dcd"},
    {file = "PyMuPDF-1.23.3-cp38-none-win_amd64.whl", hash = "sha256:a283236e09c056798ecaf6e0872790c63d91edf6d5f72b76504715d6b88da976"},
    {file = "PyMuPDF-1.23.3-cp39-none-macosx_10_9_x86_64.whl", hash = "sha256:6329a223ae38641fe4ff081beffd33f5e3be800c0409569b64a33b70f1b544cf"},
    {file = "PyMuPDF-1.23.3-cp39-none-macosx_11_0_arm64.whl", hash = "sha256:640a5ada4479a2c69b811c91f163a7b55f7fe1c323b861373d6068893cc9e9e0"},
    {file = "PyMuPDF-1.23.3-cp39-none-manylinux2014_aarch64.whl", hash = "sha256:2f555d264f08e091eaf9fd27c33ba9bfdc39ac8d09aa12195ab529bcca79229d"},
    {file = "PyMuPDF-1.23.3-cp39-none-manylinux2014_x86_64.whl", hash = "sha256:96dc89254d78bddac8434be7b9f4c354fe57b224b5420614cde9c2f1d2f1355e"},
    {file = "PyMuPDF-1.23.3-cp39-none-win32.whl", hash = "sha256:f9a1d2f7484bde2ec81f3c88641f7a8b7f52450b807408ae7a340ddecb424659"},
    {file = "PyMuPDF-1.23.3-cp39-none-win_amd64.whl", hash = "sha256:7cfceb91048665965d826023c4acfc45f61f5cfcf101391b3c1d22f85cef0470"},
    {file = "PyMuPDF-1.23.3.tar.gz", hash = "sha256:021478ae6c76e8859241dbb970612c9080a8957d8bd697bba0b4531dc1cf4f87"},
]

[package.dependencies]
PyMuPDFb = "1.23.3"

[[package]]
name = "pymupdfb"
version = "1.23.3"
description = "MuPDF shared libraries for PyMuPDF."
optional = false
python-versions = ">=3.8"
files = [
    {file = "PyMuPDFb-1.23.3-py3-none-macosx_10_9_x86_64.whl", hash = "sha256:5b05c643210eae8050d552188efab2cd68595ad75b5879a550e11af88e8bff05"},
    {file = "PyMuPDFb-1.23.3-py3-none-macosx_11_0_arm64.whl", hash = "sha256:2a2b81ac348ec123bfd72336a590399f8b0035a3052c1cf5cc2401ca7a4905e9"},
    {file = "PyMuPDFb-1.23.3-py3-none-manylinux2014_aarch64.manylinux_2_17_aarch64.whl", hash = "sha256:924f3f2229d232c965705d120b3ff38bbc37459af9d0e798b582950f875bee92"},
    {file = "PyMuPDFb-1.23.3-py3-none-manylinux2014_x86_64.manylinux_2_17_x86_64.whl", hash = "sha256:6c287b9ce5ed397043c6e13df19640c94a348e9edc8012d9a7b001c69ba30ca9"},
    {file = "PyMuPDFb-1.23.3-py3-none-win32.whl", hash = "sha256:8703e3a8efebd83814e124d0fc3a082de2d2def329b63fca1065001e6a2deb49"},
    {file = "PyMuPDFb-1.23.3-py3-none-win_amd64.whl", hash = "sha256:89d88069cb8deb100ddcf56e1feefc7cff93ff791260325ed84551f96d3abd9f"},
]

[metadata]
lock-version = "2.0"
python-versions = "^3.11"
content-hash = "2fc85fef3c26b37956a51d8a82dc93e2c055bc9515a8303dfc9ff2bdcf806061"
